
Microsoft Visual Studio Solution File, Format Version 12.00
# Visual Studio Version 16
VisualStudioVersion = 16.0.31410.357
MinimumVisualStudioVersion = 10.0.40219.1
Project("{FAE04EC0-301F-11D3-BF4B-00C04F79EFBC}") = "Detector de suelos.Android", "Detector de suelos.Android\Detector de suelos.Android.csproj", "{19DBAB83-5307-4437-9ECC-BC6668B1045E}"
EndProject
Project("{FAE04EC0-301F-11D3-BF4B-00C04F79EFBC}") = "Detector de suelos", "Detector de suelos\Detector de suelos.csproj", "{1104B7BD-218C-4DA7-B6EF-9A3924541A37}"
EndProject
Global
	GlobalSection(SolutionConfigurationPlatforms) = preSolution
		Debug|Any CPU = Debug|Any CPU
		Release|Any CPU = Release|Any CPU
	EndGlobalSection
	GlobalSection(ProjectConfigurationPlatforms) = postSolution
		{19DBAB83-5307-4437-9ECC-BC6668B1045E}.Debug|Any CPU.ActiveCfg = Debug|Any CPU
		{19DBAB83-5307-4437-9ECC-BC6668B1045E}.Debug|Any CPU.Build.0 = Debug|Any CPU
		{19DBAB83-5307-4437-9ECC-BC6668B1045E}.Debug|Any CPU.Deploy.0 = Debug|Any CPU
		{19DBAB83-5307-4437-9ECC-BC6668B1045E}.Release|Any CPU.ActiveCfg = Release|Any CPU
		{19DBAB83-5307-4437-9ECC-BC6668B1045E}.Release|Any CPU.Build.0 = Release|Any CPU
		{19DBAB83-5307-4437-9ECC-BC6668B1045E}.Release|Any CPU.Deploy.0 = Release|Any CPU
		{1104B7BD-218C-4DA7-B6EF-9A3924541A37}.Debug|Any CPU.ActiveCfg = Debug|Any CPU
		{1104B7BD-218C-4DA7-B6EF-9A3924541A37}.Debug|Any CPU.Build.0 = Debug|Any CPU
		{1104B7BD-218C-4DA7-B6EF-9A3924541A37}.Debug|Any CPU.Deploy.0 = Debug|Any CPU
		{1104B7BD-218C-4DA7-B6EF-9A3924541A37}.Release|Any CPU.ActiveCfg = Release|Any CPU
		{1104B7BD-218C-4DA7-B6EF-9A3924541A37}.Release|Any CPU.Build.0 = Release|Any CPU
		{1104B7BD-218C-4DA7-B6EF-9A3924541A37}.Release|Any CPU.Deploy.0 = Release|Any CPU
	EndGlobalSection
	GlobalSection(SolutionProperties) = preSolution
		HideSolutionNode = FALSE
	EndGlobalSection
	GlobalSection(ExtensibilityGlobals) = postSolution
		SolutionGuid = {02B313C9-D10B-4FA9-A3ED-EF5756375AAD}
	EndGlobalSection
EndGlobal
